
Microsoft Visual Studio Solution File, Format Version 12.00
# Visual Studio Version 17
VisualStudioVersion = 17.6.33829.357
MinimumVisualStudioVersion = 10.0.40219.1
Project("{FAE04EC0-301F-11D3-BF4B-00C04F79EFBC}") = "Lab_7", "Lab_7\Lab_7.csproj", "{0331CB8A-5128-46DA-9630-881DE77EF248}"
EndProject
Global
	GlobalSection(SolutionConfigurationPlatforms) = preSolution
		Debug|Any CPU = Debug|Any CPU
		Release|Any CPU = Release|Any CPU
	EndGlobalSection
	GlobalSection(ProjectConfigurationPlatforms) = postSolution
		{0331CB8A-5128-46DA-9630-881DE77EF248}.Debug|Any CPU.ActiveCfg = Debug|Any CPU
		{0331CB8A-5128-46DA-9630-881DE77EF248}.Debug|Any CPU.Build.0 = Debug|Any CPU
		{0331CB8A-5128-46DA-9630-881DE77EF248}.Release|Any CPU.ActiveCfg = Release|Any CPU
		{0331CB8A-5128-46DA-9630-881DE77EF248}.Release|Any CPU.Build.0 = Release|Any CPU
	EndGlobalSection
	GlobalSection(SolutionProperties) = preSolution
		HideSolutionNode = FALSE
	EndGlobalSection
	GlobalSection(ExtensibilityGlobals) = postSolution
		SolutionGuid = {0E368F37-2E81-4F30-A0BE-76E28ED17FDF}
	EndGlobalSection
EndGlobal
